PODS:
  - AFNetworking (2.5.3):
    - AFNetworking/NSURLConnection (= 2.5.3)
    - AFNetworking/NSURLSession (= 2.5.3)
    - AFNetworking/Reachability (= 2.5.3)
    - AFNetworking/Security (= 2.5.3)
    - AFNetworking/Serialization (= 2.5.3)
    - AFNetworking/UIKit (= 2.5.3)
  - AFNetworking/NSURLConnection (2.5.3):
    - AFNetworking/Reachability
    - AFNetworking/Security
    - AFNetworking/Serialization
  - AFNetworking/NSURLSession (2.5.3):
    - AFNetworking/Reachability
    - AFNetworking/Security
    - AFNetworking/Serialization
  - AFNetworking/Reachability (2.5.3)
  - AFNetworking/Security (2.5.3)
  - AFNetworking/Serialization (2.5.3)
  - AFNetworking/UIKit (2.5.3):
    - AFNetworking/NSURLConnection
    - AFNetworking/NSURLSession
  - Spark-SDK (0.2.2):
    - Spark-SDK/Helpers (= 0.2.2)
    - Spark-SDK/SDK (= 0.2.2)
  - Spark-SDK/Helpers (0.2.2)
  - Spark-SDK/SDK (0.2.2):
    - AFNetworking
    - Spark-SDK/Helpers
  - SparkSetup (0.1.3):
    - SparkSetup/Comm (= 0.1.3)
    - SparkSetup/Core (= 0.1.3)
    - SparkSetup/Resources (= 0.1.3)
  - SparkSetup/Comm (0.1.3)
  - SparkSetup/Core (0.1.3):
    - Spark-SDK
    - SparkSetup/Comm
    - SparkSetup/Resources
  - SparkSetup/Resources (0.1.3)

DEPENDENCIES:
  - SparkSetup

SPEC CHECKSUMS:
  AFNetworking: e1d86c2a96bb5d2e7408da36149806706ee122fe
  Spark-SDK: c55351bc8c701a5e91c7ee34a6a235d4b22aaaad
  SparkSetup: 8ee0bd1a10324cd4bb48162040c922d5f9a3ff2d

COCOAPODS: 0.36.4
